
Microsoft Visual Studio Solution File, Format Version 12.00
# Visual Studio Version 17
VisualStudioVersion = 17.5.33530.505
MinimumVisualStudioVersion = 10.0.40219.1
Project("{FAE04EC0-301F-11D3-BF4B-00C04F79EFBC}") = "YoutubeBlog.Web", "YoutubeBlog.Web\YoutubeBlog.Web.csproj", "{CE4CCF55-2CF5-4E2F-8DD6-BCA1B0F24592}"
EndProject
Project("{FAE04EC0-301F-11D3-BF4B-00C04F79EFBC}") = "YoutubeBlog.Entity", "YoutubeBlog.Entity\YoutubeBlog.Entity.csproj", "{FEC0D82C-10D2-484B-ACD1-74834E9B0B81}"
EndProject
Project("{FAE04EC0-301F-11D3-BF4B-00C04F79EFBC}") = "YoutubeBlog.Data", "YoutubeBlog.Data\YoutubeBlog.Data.csproj", "{6934A8E9-CC69-4353-8EBC-846E98B0E2A3}"
EndProject
Project("{FAE04EC0-301F-11D3-BF4B-00C04F79EFBC}") = "YoutubeBlog.Service", "YoutubeBlog.Service\YoutubeBlog.Service.csproj", "{CA047118-3C57-48C7-9D71-F68FB6304B52}"
EndProject
Project("{FAE04EC0-301F-11D3-BF4B-00C04F79EFBC}") = "YoutubeBlog.Core", "YoutubeBlog.Core\YoutubeBlog.Core.csproj", "{A2F3241E-E561-4298-B56A-727BAB29BB0C}"
EndProject
Global
	GlobalSection(SolutionConfigurationPlatforms) = preSolution
		Debug|Any CPU = Debug|Any CPU
		Release|Any CPU = Release|Any CPU
	EndGlobalSection
	GlobalSection(ProjectConfigurationPlatforms) = postSolution
		{CE4CCF55-2CF5-4E2F-8DD6-BCA1B0F24592}.Debug|Any CPU.ActiveCfg = Debug|Any CPU
		{CE4CCF55-2CF5-4E2F-8DD6-BCA1B0F24592}.Debug|Any CPU.Build.0 = Debug|Any CPU
		{CE4CCF55-2CF5-4E2F-8DD6-BCA1B0F24592}.Release|Any CPU.ActiveCfg = Release|Any CPU
		{CE4CCF55-2CF5-4E2F-8DD6-BCA1B0F24592}.Release|Any CPU.Build.0 = Release|Any CPU
		{FEC0D82C-10D2-484B-ACD1-74834E9B0B81}.Debug|Any CPU.ActiveCfg = Debug|Any CPU
		{FEC0D82C-10D2-484B-ACD1-74834E9B0B81}.Debug|Any CPU.Build.0 = Debug|Any CPU
		{FEC0D82C-10D2-484B-ACD1-74834E9B0B81}.Release|Any CPU.ActiveCfg = Release|Any CPU
		{FEC0D82C-10D2-484B-ACD1-74834E9B0B81}.Release|Any CPU.Build.0 = Release|Any CPU
		{6934A8E9-CC69-4353-8EBC-846E98B0E2A3}.Debug|Any CPU.ActiveCfg = Debug|Any CPU
		{6934A8E9-CC69-4353-8EBC-846E98B0E2A3}.Debug|Any CPU.Build.0 = Debug|Any CPU
		{6934A8E9-CC69-4353-8EBC-846E98B0E2A3}.Release|Any CPU.ActiveCfg = Release|Any CPU
		{6934A8E9-CC69-4353-8EBC-846E98B0E2A3}.Release|Any CPU.Build.0 = Release|Any CPU
		{CA047118-3C57-48C7-9D71-F68FB6304B52}.Debug|Any CPU.ActiveCfg = Debug|Any CPU
		{CA047118-3C57-48C7-9D71-F68FB6304B52}.Debug|Any CPU.Build.0 = Debug|Any CPU
		{CA047118-3C57-48C7-9D71-F68FB6304B52}.Release|Any CPU.ActiveCfg = Release|Any CPU
		{CA047118-3C57-48C7-9D71-F68FB6304B52}.Release|Any CPU.Build.0 = Release|Any CPU
		{A2F3241E-E561-4298-B56A-727BAB29BB0C}.Debug|Any CPU.ActiveCfg = Debug|Any CPU
		{A2F3241E-E561-4298-B56A-727BAB29BB0C}.Debug|Any CPU.Build.0 = Debug|Any CPU
		{A2F3241E-E561-4298-B56A-727BAB29BB0C}.Release|Any CPU.ActiveCfg = Release|Any CPU
		{A2F3241E-E561-4298-B56A-727BAB29BB0C}.Release|Any CPU.Build.0 = Release|Any CPU
	EndGlobalSection
	GlobalSection(SolutionProperties) = preSolution
		HideSolutionNode = FALSE
	EndGlobalSection
	GlobalSection(ExtensibilityGlobals) = postSolution
		SolutionGuid = {76496F5A-BDF4-4E29-B902-26C686CC04B5}
	EndGlobalSection
EndGlobal
